
Microsoft Visual Studio Solution File, Format Version 12.00
# Visual Studio Version 17
VisualStudioVersion = 17.3.32901.215
MinimumVisualStudioVersion = 10.0.40219.1
Project("{FAE04EC0-301F-11D3-BF4B-00C04F79EFBC}") = "WindowsFormsApp1", "WindowsFormsApp1\WindowsFormsApp1.csproj", "{FD34EB44-0DDA-4A94-9456-5367D3341899}"
EndProject
Global
	GlobalSection(SolutionConfigurationPlatforms) = preSolution
		Debug|Any CPU = Debug|Any CPU
		Release|Any CPU = Release|Any CPU
	EndGlobalSection
	GlobalSection(ProjectConfigurationPlatforms) = postSolution
		{FD34EB44-0DDA-4A94-9456-5367D3341899}.Debug|Any CPU.ActiveCfg = Debug|Any CPU
		{FD34EB44-0DDA-4A94-9456-5367D3341899}.Debug|Any CPU.Build.0 = Debug|Any CPU
		{FD34EB44-0DDA-4A94-9456-5367D3341899}.Release|Any CPU.ActiveCfg = Release|Any CPU
		{FD34EB44-0DDA-4A94-9456-5367D3341899}.Release|Any CPU.Build.0 = Release|Any CPU
	EndGlobalSection
	GlobalSection(SolutionProperties) = preSolution
		HideSolutionNode = FALSE
	EndGlobalSection
	GlobalSection(ExtensibilityGlobals) = postSolution
		SolutionGuid = {498BCD45-0DD8-4147-B610-F1594E6DCE05}
	EndGlobalSection
EndGlobal
