
Microsoft Visual Studio Solution File, Format Version 12.00
# Visual Studio Version 17
VisualStudioVersion = 17.3.32901.215
MinimumVisualStudioVersion = 10.0.40219.1
Project("{FAE04EC0-301F-11D3-BF4B-00C04F79EFBC}") = "keyboardApp_Klad", "keyboardApp_Klad\keyboardApp_Klad.csproj", "{21D47233-DF4C-49BD-A81A-99E4CA1C8B8D}"
EndProject
Global
	GlobalSection(SolutionConfigurationPlatforms) = preSolution
		Debug|Any CPU = Debug|Any CPU
		Release|Any CPU = Release|Any CPU
	EndGlobalSection
	GlobalSection(ProjectConfigurationPlatforms) = postSolution
		{21D47233-DF4C-49BD-A81A-99E4CA1C8B8D}.Debug|Any CPU.ActiveCfg = Debug|Any CPU
		{21D47233-DF4C-49BD-A81A-99E4CA1C8B8D}.Debug|Any CPU.Build.0 = Debug|Any CPU
		{21D47233-DF4C-49BD-A81A-99E4CA1C8B8D}.Release|Any CPU.ActiveCfg = Release|Any CPU
		{21D47233-DF4C-49BD-A81A-99E4CA1C8B8D}.Release|Any CPU.Build.0 = Release|Any CPU
	EndGlobalSection
	GlobalSection(SolutionProperties) = preSolution
		HideSolutionNode = FALSE
	EndGlobalSection
	GlobalSection(ExtensibilityGlobals) = postSolution
		SolutionGuid = {7C73B7E3-6FE6-4138-9270-0887BE49FB4E}
	EndGlobalSection
EndGlobal
